
Microsoft Visual Studio Solution File, Format Version 12.00
# Visual Studio Version 16
VisualStudioVersion = 16.0.29215.179
MinimumVisualStudioVersion = 10.0.40219.1
Project("{F184B08F-C81C-45F6-A57F-5ABD9991F28F}") = "Proyecto2", "Proyecto2.vbproj", "{5636FAC1-4A3C-4CC2-95C3-075047E5EB21}"
EndProject
Global
	GlobalSection(SolutionConfigurationPlatforms) = preSolution
		Debug|Any CPU = Debug|Any CPU
		Release|Any CPU = Release|Any CPU
	EndGlobalSection
	GlobalSection(ProjectConfigurationPlatforms) = postSolution
		{5636FAC1-4A3C-4CC2-95C3-075047E5EB21}.Debug|Any CPU.ActiveCfg = Debug|Any CPU
		{5636FAC1-4A3C-4CC2-95C3-075047E5EB21}.Debug|Any CPU.Build.0 = Debug|Any CPU
		{5636FAC1-4A3C-4CC2-95C3-075047E5EB21}.Release|Any CPU.ActiveCfg = Release|Any CPU
		{5636FAC1-4A3C-4CC2-95C3-075047E5EB21}.Release|Any CPU.Build.0 = Release|Any CPU
	EndGlobalSection
	GlobalSection(SolutionProperties) = preSolution
		HideSolutionNode = FALSE
	EndGlobalSection
	GlobalSection(ExtensibilityGlobals) = postSolution
		SolutionGuid = {28942EA9-FA33-4281-A93D-1DC3879E2A57}
	EndGlobalSection
EndGlobal
